
Microsoft Visual Studio Solution File, Format Version 12.00
# Visual Studio Version 17
VisualStudioVersion = 17.4.33403.182
MinimumVisualStudioVersion = 10.0.40219.1
Project("{888888A0-9F3D-457C-B088-3A5042F75D52}") = "QPB_00-14", "QPB_00-14\QPB_00-14.pyproj", "{388151EE-D7A6-49DD-B8C6-E6A0A35EEBC4}"
EndProject
Global
	GlobalSection(SolutionConfigurationPlatforms) = preSolution
		Debug|Any CPU = Debug|Any CPU
		Release|Any CPU = Release|Any CPU
	EndGlobalSection
	GlobalSection(ProjectConfigurationPlatforms) = postSolution
		{388151EE-D7A6-49DD-B8C6-E6A0A35EEBC4}.Debug|Any CPU.ActiveCfg = Debug|Any CPU
		{388151EE-D7A6-49DD-B8C6-E6A0A35EEBC4}.Release|Any CPU.ActiveCfg = Release|Any CPU
	EndGlobalSection
	GlobalSection(SolutionProperties) = preSolution
		HideSolutionNode = FALSE
	EndGlobalSection
	GlobalSection(ExtensibilityGlobals) = postSolution
		SolutionGuid = {962F4444-2388-4DB3-90FE-C2DAC0F74013}
	EndGlobalSection
EndGlobal
