
Microsoft Visual Studio Solution File, Format Version 12.00
# Visual Studio Version 17
VisualStudioVersion = 17.10.35004.147
MinimumVisualStudioVersion = 10.0.40219.1
Project("{888888A0-9F3D-457C-B088-3A5042F75D52}") = "LLM_book", "LLM_book\LLM_book.pyproj", "{444FCE76-91B2-4929-AEA0-9224B0E8426D}"
EndProject
Global
	GlobalSection(SolutionConfigurationPlatforms) = preSolution
		Debug|Any CPU = Debug|Any CPU
		Release|Any CPU = Release|Any CPU
	EndGlobalSection
	GlobalSection(ProjectConfigurationPlatforms) = postSolution
		{444FCE76-91B2-4929-AEA0-9224B0E8426D}.Debug|Any CPU.ActiveCfg = Debug|Any CPU
		{444FCE76-91B2-4929-AEA0-9224B0E8426D}.Release|Any CPU.ActiveCfg = Release|Any CPU
	EndGlobalSection
	GlobalSection(SolutionProperties) = preSolution
		HideSolutionNode = FALSE
	EndGlobalSection
	GlobalSection(ExtensibilityGlobals) = postSolution
		SolutionGuid = {E9ACEFD5-840B-4B23-B281-A803809F34DC}
	EndGlobalSection
EndGlobal
